
Microsoft Visual Studio Solution File, Format Version 12.00
# Visual Studio Version 17
VisualStudioVersion = 17.5.33414.496
MinimumVisualStudioVersion = 10.0.40219.1
Project("{FAE04EC0-301F-11D3-BF4B-00C04F79EFBC}") = "ATM_Cajero", "ATM_Cajero\ATM_Cajero.csproj", "{38C51219-8B10-4A92-9B76-A08741AFB799}"
EndProject
Global
	GlobalSection(SolutionConfigurationPlatforms) = preSolution
		Debug|Any CPU = Debug|Any CPU
		Release|Any CPU = Release|Any CPU
	EndGlobalSection
	GlobalSection(ProjectConfigurationPlatforms) = postSolution
		{38C51219-8B10-4A92-9B76-A08741AFB799}.Debug|Any CPU.ActiveCfg = Debug|Any CPU
		{38C51219-8B10-4A92-9B76-A08741AFB799}.Debug|Any CPU.Build.0 = Debug|Any CPU
		{38C51219-8B10-4A92-9B76-A08741AFB799}.Release|Any CPU.ActiveCfg = Release|Any CPU
		{38C51219-8B10-4A92-9B76-A08741AFB799}.Release|Any CPU.Build.0 = Release|Any CPU
	EndGlobalSection
	GlobalSection(SolutionProperties) = preSolution
		HideSolutionNode = FALSE
	EndGlobalSection
	GlobalSection(ExtensibilityGlobals) = postSolution
		SolutionGuid = {6F974BA2-86C2-41E1-8EF0-F94CF7BB8B74}
	EndGlobalSection
EndGlobal
